
Microsoft Visual Studio Solution File, Format Version 12.00
# Visual Studio Version 17
VisualStudioVersion = 17.0.32112.339
MinimumVisualStudioVersion = 10.0.40219.1
Project("{FAE04EC0-301F-11D3-BF4B-00C04F79EFBC}") = "ParallelTest", "ParallelTest\ParallelTest.csproj", "{A630E82F-F73D-4B81-AE4C-F5B623E59085}"
EndProject
Global
	GlobalSection(SolutionConfigurationPlatforms) = preSolution
		Debug|Any CPU = Debug|Any CPU
		Release|Any CPU = Release|Any CPU
	EndGlobalSection
	GlobalSection(ProjectConfigurationPlatforms) = postSolution
		{A630E82F-F73D-4B81-AE4C-F5B623E59085}.Debug|Any CPU.ActiveCfg = Debug|Any CPU
		{A630E82F-F73D-4B81-AE4C-F5B623E59085}.Debug|Any CPU.Build.0 = Debug|Any CPU
		{A630E82F-F73D-4B81-AE4C-F5B623E59085}.Release|Any CPU.ActiveCfg = Release|Any CPU
		{A630E82F-F73D-4B81-AE4C-F5B623E59085}.Release|Any CPU.Build.0 = Release|Any CPU
	EndGlobalSection
	GlobalSection(SolutionProperties) = preSolution
		HideSolutionNode = FALSE
	EndGlobalSection
	GlobalSection(ExtensibilityGlobals) = postSolution
		SolutionGuid = {1168AA5F-2613-4938-8BEA-7022751D798F}
	EndGlobalSection
EndGlobal
